# Distributed lock configuration.
# Defines settings for the distributed lock mechanism.
# All parameters are commented out by default (template mode).
# Uncomment and configure as needed for your environment.

#distributionLock:
#  # <string> Specifies the provider for the distributed lock.
#  # Supported values: nats, mongo
#  # Default value: not set (required)
#  provider: nats
#
#  # <object> NATS provider configuration, applicable only if the provider is 'nats'.
#  nats:
#    # <string> Specifies the NATS bucket used for the distributed lock.
#    # Default value: dlock
#    bucket: dlock
#
#    # <string> Storage type of a bucket the provider creates.
#    # memory: a lock lives no longer than its TTL; file keeps the fencing-token sequence across restarts.
#    # An existing bucket keeps its storage type (see the provider README for migrating it).
#    # Supported values: memory, file
#    # Default value: memory
#    storage: memory
#
#    # <bool> Update an existing bucket whose key TTL differs from the lock TTL.
#    # When false, a bucket with a different key TTL is left untouched and the lock
#    # fails to build with ErrBucketTTLMismatch: the bucket's key TTL expires every
#    # lock in it, including locks of other processes sharing the bucket. Enable it
#    # only once every process sharing the bucket uses the same lock TTL.
#    # Default value: false
#    migrateBucketTTL: false
#
#    # <bool> Fail when the bucket already exists with another storage type.
#    # When false, such a bucket is used as is and a warning is logged on every start;
#    # the server cannot convert a bucket's storage type (see the backend's README for
#    # the storage migration).
#    # Default value: false
#    strictBucketStorage: false
#
#  # <object> MongoDB provider configuration, applicable only if the provider is 'mongo'.
#  # The *mongo.Database is injected into the factory (UseMongoDB).
#  mongo:
#    # <string> Collection holding one lease document per lock key.
#    # Default value: dlocks
#    collection: dlocks
